
Microsoft Visual Studio Solution File, Format Version 12.00
# Visual Studio Version 16
VisualStudioVersion = 16.0.29209.62
MinimumVisualStudioVersion = 10.0.40219.1
Project("{2150E333-8FDC-42A3-9474-1A3956D46DE8}") = "UI", "UI", "{F617CEAD-D623-4E04-A84B-B0E5118785C4}"
EndProject
Project("{2150E333-8FDC-42A3-9474-1A3956D46DE8}") = "Core", "Core", "{DE82F766-7920-458D-BD2B-3FBDC041AB03}"
EndProject
Project("{9A19103F-16F7-4668-BE54-9A1E7A4F7556}") = "Core.Entities", "Core.Entities\Core.Entities.csproj", "{73392D04-0D44-45DF-AA09-832F3DD4D586}"
EndProject
Project("{2150E333-8FDC-42A3-9474-1A3956D46DE8}") = "Infrastructure", "Infrastructure", "{36C12D99-DB13-4BA9-9E78-2964DECF8E3D}"
EndProject
Project("{2150E333-8FDC-42A3-9474-1A3956D46DE8}") = "Domain", "Domain", "{0835C566-EC91-4E71-AE31-B97D35B3C7B0}"
EndProject
Project("{2150E333-8FDC-42A3-9474-1A3956D46DE8}") = "Application", "Application", "{A3DF463D-BE5B-4D01-AA20-E9F72A68716E}"
EndProject
Project("{9A19103F-16F7-4668-BE54-9A1E7A4F7556}") = "Core.DomainService", "Core.DomainService\Core.DomainService.csproj", "{7BC64A3B-DEE5-4FB0-B000-06062D6AD40C}"
EndProject
Project("{9A19103F-16F7-4668-BE54-9A1E7A4F7556}") = "Core.ApplicationService", "Core.ApplicationService\Core.ApplicationService.csproj", "{26521246-8B89-41A3-8104-44933698E326}"
EndProject
Project("{2150E333-8FDC-42A3-9474-1A3956D46DE8}") = "Impl", "Impl", "{43F89B9E-1F92-4CC0-9E4B-60B32C1370A8}"
EndProject
Project("{9A19103F-16F7-4668-BE54-9A1E7A4F7556}") = "Core.ApplicationService.Impl", "Core.ApplicationService.Impl\Core.ApplicationService.Impl.csproj", "{5860B6FB-28BC-4811-A8EB-EA6E00A1A2F2}"
EndProject
Project("{9A19103F-16F7-4668-BE54-9A1E7A4F7556}") = "PetApp.UI.RestAPI", "PetApp.UI.RestAPI\PetApp.UI.RestAPI.csproj", "{6DFF0466-D001-4983-8E42-73325D438EE6}"
EndProject
Project("{9A19103F-16F7-4668-BE54-9A1E7A4F7556}") = "Infrastructure.SQL.Right", "Infrastructure.SQL.Right\Infrastructure.SQL.Right.csproj", "{6E7ECD31-A099-41F6-BEE0-B7E61604F3CA}"
EndProject
Global
	GlobalSection(SolutionConfigurationPlatforms) = preSolution
		Debug|Any CPU = Debug|Any CPU
		Release|Any CPU = Release|Any CPU
	EndGlobalSection
	GlobalSection(ProjectConfigurationPlatforms) = postSolution
		{73392D04-0D44-45DF-AA09-832F3DD4D586}.Debug|Any CPU.ActiveCfg = Debug|Any CPU
		{73392D04-0D44-45DF-AA09-832F3DD4D586}.Debug|Any CPU.Build.0 = Debug|Any CPU
		{73392D04-0D44-45DF-AA09-832F3DD4D586}.Release|Any CPU.ActiveCfg = Release|Any CPU
		{73392D04-0D44-45DF-AA09-832F3DD4D586}.Release|Any CPU.Build.0 = Release|Any CPU
		{7BC64A3B-DEE5-4FB0-B000-06062D6AD40C}.Debug|Any CPU.ActiveCfg = Debug|Any CPU
		{7BC64A3B-DEE5-4FB0-B000-06062D6AD40C}.Debug|Any CPU.Build.0 = Debug|Any CPU
		{7BC64A3B-DEE5-4FB0-B000-06062D6AD40C}.Release|Any CPU.ActiveCfg = Release|Any CPU
		{7BC64A3B-DEE5-4FB0-B000-06062D6AD40C}.Release|Any CPU.Build.0 = Release|Any CPU
		{26521246-8B89-41A3-8104-44933698E326}.Debug|Any CPU.ActiveCfg = Debug|Any CPU
		{26521246-8B89-41A3-8104-44933698E326}.Debug|Any CPU.Build.0 = Debug|Any CPU
		{26521246-8B89-41A3-8104-44933698E326}.Release|Any CPU.ActiveCfg = Release|Any CPU
		{26521246-8B89-41A3-8104-44933698E326}.Release|Any CPU.Build.0 = Release|Any CPU
		{5860B6FB-28BC-4811-A8EB-EA6E00A1A2F2}.Debug|Any CPU.ActiveCfg = Debug|Any CPU
		{5860B6FB-28BC-4811-A8EB-EA6E00A1A2F2}.Debug|Any CPU.Build.0 = Debug|Any CPU
		{5860B6FB-28BC-4811-A8EB-EA6E00A1A2F2}.Release|Any CPU.ActiveCfg = Release|Any CPU
		{5860B6FB-28BC-4811-A8EB-EA6E00A1A2F2}.Release|Any CPU.Build.0 = Release|Any CPU
		{6DFF0466-D001-4983-8E42-73325D438EE6}.Debug|Any CPU.ActiveCfg = Debug|Any CPU
		{6DFF0466-D001-4983-8E42-73325D438EE6}.Debug|Any CPU.Build.0 = Debug|Any CPU
		{6DFF0466-D001-4983-8E42-73325D438EE6}.Release|Any CPU.ActiveCfg = Release|Any CPU
		{6DFF0466-D001-4983-8E42-73325D438EE6}.Release|Any CPU.Build.0 = Release|Any CPU
		{6E7ECD31-A099-41F6-BEE0-B7E61604F3CA}.Debug|Any CPU.ActiveCfg = Debug|Any CPU
		{6E7ECD31-A099-41F6-BEE0-B7E61604F3CA}.Debug|Any CPU.Build.0 = Debug|Any CPU
		{6E7ECD31-A099-41F6-BEE0-B7E61604F3CA}.Release|Any CPU.ActiveCfg = Release|Any CPU
		{6E7ECD31-A099-41F6-BEE0-B7E61604F3CA}.Release|Any CPU.Build.0 = Release|Any CPU
	EndGlobalSection
	GlobalSection(SolutionProperties) = preSolution
		HideSolutionNode = FALSE
	EndGlobalSection
	GlobalSection(NestedProjects) = preSolution
		{73392D04-0D44-45DF-AA09-832F3DD4D586} = {DE82F766-7920-458D-BD2B-3FBDC041AB03}
		{0835C566-EC91-4E71-AE31-B97D35B3C7B0} = {DE82F766-7920-458D-BD2B-3FBDC041AB03}
		{A3DF463D-BE5B-4D01-AA20-E9F72A68716E} = {DE82F766-7920-458D-BD2B-3FBDC041AB03}
		{7BC64A3B-DEE5-4FB0-B000-06062D6AD40C} = {0835C566-EC91-4E71-AE31-B97D35B3C7B0}
		{26521246-8B89-41A3-8104-44933698E326} = {A3DF463D-BE5B-4D01-AA20-E9F72A68716E}
		{43F89B9E-1F92-4CC0-9E4B-60B32C1370A8} = {A3DF463D-BE5B-4D01-AA20-E9F72A68716E}
		{5860B6FB-28BC-4811-A8EB-EA6E00A1A2F2} = {43F89B9E-1F92-4CC0-9E4B-60B32C1370A8}
		{6DFF0466-D001-4983-8E42-73325D438EE6} = {F617CEAD-D623-4E04-A84B-B0E5118785C4}
		{6E7ECD31-A099-41F6-BEE0-B7E61604F3CA} = {36C12D99-DB13-4BA9-9E78-2964DECF8E3D}
	EndGlobalSection
	GlobalSection(ExtensibilityGlobals) = postSolution
		SolutionGuid = {9DB27B8B-8729-4C2B-841A-3A300F1FA24E}
	EndGlobalSection
EndGlobal
